
Microsoft Visual Studio Solution File, Format Version 12.00
Project("{FAE04EC0-301F-11D3-BF4B-00C04F79EFBC}") = "Test_HelloWorld", "Test_HelloWorld\Test_HelloWorld.csproj", "{6C8855BA-E432-42F8-BE94-86E64C2462FC}"
EndProject
Project("{FAE04EC0-301F-11D3-BF4B-00C04F79EFBC}") = "_4.1_Class", "_4.1_Class\_4.1_Class.csproj", "{647FDBFC-286B-4085-A4C6-B1F009573C26}"
EndProject
Project("{FAE04EC0-301F-11D3-BF4B-00C04F79EFBC}") = "_4.1.2_Method", "_4.1.2_Method\_4.1.2_Method.csproj", "{E7965893-51E6-424E-BA14-2C1C02A0D29B}"
EndProject
Project("{FAE04EC0-301F-11D3-BF4B-00C04F79EFBC}") = "_4.1.2_Method2", "_4.1.2_Method2\_4.1.2_Method2.csproj", "{8A1835DB-CBF3-4E4E-88A0-09F9CE5D4A95}"
EndProject
Project("{FAE04EC0-301F-11D3-BF4B-00C04F79EFBC}") = "_4.1.3_Constructor", "_4.1.3_Constructor\_4.1.3_Constructor.csproj", "{60CF3A83-6C1A-497D-B81E-95A4CD58A503}"
EndProject
Project("{FAE04EC0-301F-11D3-BF4B-00C04F79EFBC}") = "_4.1.5.1_Static_Field", "_4.1.5.1_Static_Field\_4.1.5.1_Static_Field.csproj", "{EB2705D5-DCF6-46D8-AD55-26DE2332FFC0}"
EndProject
Project("{FAE04EC0-301F-11D3-BF4B-00C04F79EFBC}") = "_4.1.5.2_Static_Method", "_4.1.5.2_Static_Method\_4.1.5.2_Static_Method.csproj", "{55B11076-EC87-4E26-8802-3D135ED9D9E4}"
EndProject
Project("{FAE04EC0-301F-11D3-BF4B-00C04F79EFBC}") = "_4.3_Inheritance", "_4.3_Inheritance\_4.3_Inheritance.csproj", "{18C4C42E-5A6C-499F-A699-A264BBD62D78}"
EndProject
Project("{FAE04EC0-301F-11D3-BF4B-00C04F79EFBC}") = "_4.4_Polymorphism", "_4.4_Polymorphism\_4.4_Polymorphism.csproj", "{EAA536F5-3333-42DA-94CB-F552778699BB}"
EndProject
Project("{FAE04EC0-301F-11D3-BF4B-00C04F79EFBC}") = "_4.4.2.2_Operator_Overload", "_4.4.2.2_Operator_Overload\_4.4.2.2_Operator_Overload.csproj", "{00E1D3EB-70F1-4249-9A96-E8A2E6F060B2}"
EndProject
Project("{FAE04EC0-301F-11D3-BF4B-00C04F79EFBC}") = "_4.4.2.3_Class_Type_Conversion", "_4.4.2.3_Class_Type_Conversion\_4.4.2.3_Class_Type_Conversion.csproj", "{B1BAE70A-7E5B-4768-A16B-6499C559A502}"
EndProject
Project("{FAE04EC0-301F-11D3-BF4B-00C04F79EFBC}") = "_4.5.1.3_Delegate", "_4.5.1.3_Delegate\_4.5.1.3_Delegate.csproj", "{7E49752F-2AB6-4EA7-A5B8-FF3AD2A5B6FB}"
EndProject
Project("{FAE04EC0-301F-11D3-BF4B-00C04F79EFBC}") = "_4.5.1.3_Multicast_Delegate", "_4.5.1.3_Multicast_Delegate\_4.5.1.3_Multicast_Delegate.csproj", "{4E4BF171-2A33-42A1-B0A3-904F38BB7A60}"
EndProject
Project("{FAE04EC0-301F-11D3-BF4B-00C04F79EFBC}") = "_4.5.1.3_Callback_Method", "_4.5.1.3_Callback_Method\_4.5.1.3_Callback_Method.csproj", "{67306602-7927-4C4B-B2AB-6381A72C9EF3}"
EndProject
Project("{FAE04EC0-301F-11D3-BF4B-00C04F79EFBC}") = "_4.5.1.4_Interface", "_4.5.1.4_Interface\_4.5.1.4_Interface.csproj", "{28455CA3-4D5B-49B8-95EB-2EB43D583F37}"
EndProject
Project("{FAE04EC0-301F-11D3-BF4B-00C04F79EFBC}") = "_4.5.1.4_Interface_Polymorphism", "_4.5.1.4_Interface_Polymorphism\_4.5.1.4_Interface_Polymorphism.csproj", "{C9467756-059E-43FF-B008-4167E63FBF1A}"
EndProject
Project("{FAE04EC0-301F-11D3-BF4B-00C04F79EFBC}") = "_4.5.1.4_Interface_IComparer", "_4.5.1.4_Interface_IComparer\_4.5.1.4_Interface_IComparer.csproj", "{FA6F2BC1-41EB-4F2B-8D2B-3407B6430ABF}"
EndProject
Project("{FAE04EC0-301F-11D3-BF4B-00C04F79EFBC}") = "_4.5.1.4_Interface_IEnumerable", "_4.5.1.4_Interface_IEnumerable\_4.5.1.4_Interface_IEnumerable.csproj", "{AB0B727A-8FC9-4473-9137-C0993BF00F96}"
EndProject
Global
	GlobalSection(SolutionConfigurationPlatforms) = preSolution
		Debug|Any CPU = Debug|Any CPU
		Release|Any CPU = Release|Any CPU
	EndGlobalSection
	GlobalSection(ProjectConfigurationPlatforms) = postSolution
		{6C8855BA-E432-42F8-BE94-86E64C2462FC}.Debug|Any CPU.ActiveCfg = Debug|Any CPU
		{6C8855BA-E432-42F8-BE94-86E64C2462FC}.Debug|Any CPU.Build.0 = Debug|Any CPU
		{6C8855BA-E432-42F8-BE94-86E64C2462FC}.Release|Any CPU.ActiveCfg = Release|Any CPU
		{6C8855BA-E432-42F8-BE94-86E64C2462FC}.Release|Any CPU.Build.0 = Release|Any CPU
		{647FDBFC-286B-4085-A4C6-B1F009573C26}.Debug|Any CPU.ActiveCfg = Debug|Any CPU
		{647FDBFC-286B-4085-A4C6-B1F009573C26}.Debug|Any CPU.Build.0 = Debug|Any CPU
		{647FDBFC-286B-4085-A4C6-B1F009573C26}.Release|Any CPU.ActiveCfg = Release|Any CPU
		{647FDBFC-286B-4085-A4C6-B1F009573C26}.Release|Any CPU.Build.0 = Release|Any CPU
		{E7965893-51E6-424E-BA14-2C1C02A0D29B}.Debug|Any CPU.ActiveCfg = Debug|Any CPU
		{E7965893-51E6-424E-BA14-2C1C02A0D29B}.Debug|Any CPU.Build.0 = Debug|Any CPU
		{E7965893-51E6-424E-BA14-2C1C02A0D29B}.Release|Any CPU.ActiveCfg = Release|Any CPU
		{E7965893-51E6-424E-BA14-2C1C02A0D29B}.Release|Any CPU.Build.0 = Release|Any CPU
		{8A1835DB-CBF3-4E4E-88A0-09F9CE5D4A95}.Debug|Any CPU.ActiveCfg = Debug|Any CPU
		{8A1835DB-CBF3-4E4E-88A0-09F9CE5D4A95}.Debug|Any CPU.Build.0 = Debug|Any CPU
		{8A1835DB-CBF3-4E4E-88A0-09F9CE5D4A95}.Release|Any CPU.ActiveCfg = Release|Any CPU
		{8A1835DB-CBF3-4E4E-88A0-09F9CE5D4A95}.Release|Any CPU.Build.0 = Release|Any CPU
		{60CF3A83-6C1A-497D-B81E-95A4CD58A503}.Debug|Any CPU.ActiveCfg = Debug|Any CPU
		{60CF3A83-6C1A-497D-B81E-95A4CD58A503}.Debug|Any CPU.Build.0 = Debug|Any CPU
		{60CF3A83-6C1A-497D-B81E-95A4CD58A503}.Release|Any CPU.ActiveCfg = Release|Any CPU
		{60CF3A83-6C1A-497D-B81E-95A4CD58A503}.Release|Any CPU.Build.0 = Release|Any CPU
		{EB2705D5-DCF6-46D8-AD55-26DE2332FFC0}.Debug|Any CPU.ActiveCfg = Debug|Any CPU
		{EB2705D5-DCF6-46D8-AD55-26DE2332FFC0}.Debug|Any CPU.Build.0 = Debug|Any CPU
		{EB2705D5-DCF6-46D8-AD55-26DE2332FFC0}.Release|Any CPU.ActiveCfg = Release|Any CPU
		{EB2705D5-DCF6-46D8-AD55-26DE2332FFC0}.Release|Any CPU.Build.0 = Release|Any CPU
		{55B11076-EC87-4E26-8802-3D135ED9D9E4}.Debug|Any CPU.ActiveCfg = Debug|Any CPU
		{55B11076-EC87-4E26-8802-3D135ED9D9E4}.Debug|Any CPU.Build.0 = Debug|Any CPU
		{55B11076-EC87-4E26-8802-3D135ED9D9E4}.Release|Any CPU.ActiveCfg = Release|Any CPU
		{55B11076-EC87-4E26-8802-3D135ED9D9E4}.Release|Any CPU.Build.0 = Release|Any CPU
		{18C4C42E-5A6C-499F-A699-A264BBD62D78}.Debug|Any CPU.ActiveCfg = Debug|Any CPU
		{18C4C42E-5A6C-499F-A699-A264BBD62D78}.Debug|Any CPU.Build.0 = Debug|Any CPU
		{18C4C42E-5A6C-499F-A699-A264BBD62D78}.Release|Any CPU.ActiveCfg = Release|Any CPU
		{18C4C42E-5A6C-499F-A699-A264BBD62D78}.Release|Any CPU.Build.0 = Release|Any CPU
		{EAA536F5-3333-42DA-94CB-F552778699BB}.Debug|Any CPU.ActiveCfg = Debug|Any CPU
		{EAA536F5-3333-42DA-94CB-F552778699BB}.Debug|Any CPU.Build.0 = Debug|Any CPU
		{EAA536F5-3333-42DA-94CB-F552778699BB}.Release|Any CPU.ActiveCfg = Release|Any CPU
		{EAA536F5-3333-42DA-94CB-F552778699BB}.Release|Any CPU.Build.0 = Release|Any CPU
		{00E1D3EB-70F1-4249-9A96-E8A2E6F060B2}.Debug|Any CPU.ActiveCfg = Debug|Any CPU
		{00E1D3EB-70F1-4249-9A96-E8A2E6F060B2}.Debug|Any CPU.Build.0 = Debug|Any CPU
		{00E1D3EB-70F1-4249-9A96-E8A2E6F060B2}.Release|Any CPU.ActiveCfg = Release|Any CPU
		{00E1D3EB-70F1-4249-9A96-E8A2E6F060B2}.Release|Any CPU.Build.0 = Release|Any CPU
		{B1BAE70A-7E5B-4768-A16B-6499C559A502}.Debug|Any CPU.ActiveCfg = Debug|Any CPU
		{B1BAE70A-7E5B-4768-A16B-6499C559A502}.Debug|Any CPU.Build.0 = Debug|Any CPU
		{B1BAE70A-7E5B-4768-A16B-6499C559A502}.Release|Any CPU.ActiveCfg = Release|Any CPU
		{B1BAE70A-7E5B-4768-A16B-6499C559A502}.Release|Any CPU.Build.0 = Release|Any CPU
		{7E49752F-2AB6-4EA7-A5B8-FF3AD2A5B6FB}.Debug|Any CPU.ActiveCfg = Debug|Any CPU
		{7E49752F-2AB6-4EA7-A5B8-FF3AD2A5B6FB}.Debug|Any CPU.Build.0 = Debug|Any CPU
		{7E49752F-2AB6-4EA7-A5B8-FF3AD2A5B6FB}.Release|Any CPU.ActiveCfg = Release|Any CPU
		{7E49752F-2AB6-4EA7-A5B8-FF3AD2A5B6FB}.Release|Any CPU.Build.0 = Release|Any CPU
		{4E4BF171-2A33-42A1-B0A3-904F38BB7A60}.Debug|Any CPU.ActiveCfg = Debug|Any CPU
		{4E4BF171-2A33-42A1-B0A3-904F38BB7A60}.Debug|Any CPU.Build.0 = Debug|Any CPU
		{4E4BF171-2A33-42A1-B0A3-904F38BB7A60}.Release|Any CPU.ActiveCfg = Release|Any CPU
		{4E4BF171-2A33-42A1-B0A3-904F38BB7A60}.Release|Any CPU.Build.0 = Release|Any CPU
		{67306602-7927-4C4B-B2AB-6381A72C9EF3}.Debug|Any CPU.ActiveCfg = Debug|Any CPU
		{67306602-7927-4C4B-B2AB-6381A72C9EF3}.Debug|Any CPU.Build.0 = Debug|Any CPU
		{67306602-7927-4C4B-B2AB-6381A72C9EF3}.Release|Any CPU.ActiveCfg = Release|Any CPU
		{67306602-7927-4C4B-B2AB-6381A72C9EF3}.Release|Any CPU.Build.0 = Release|Any CPU
		{28455CA3-4D5B-49B8-95EB-2EB43D583F37}.Debug|Any CPU.ActiveCfg = Debug|Any CPU
		{28455CA3-4D5B-49B8-95EB-2EB43D583F37}.Debug|Any CPU.Build.0 = Debug|Any CPU
		{28455CA3-4D5B-49B8-95EB-2EB43D583F37}.Release|Any CPU.ActiveCfg = Release|Any CPU
		{28455CA3-4D5B-49B8-95EB-2EB43D583F37}.Release|Any CPU.Build.0 = Release|Any CPU
		{C9467756-059E-43FF-B008-4167E63FBF1A}.Debug|Any CPU.ActiveCfg = Debug|Any CPU
		{C9467756-059E-43FF-B008-4167E63FBF1A}.Debug|Any CPU.Build.0 = Debug|Any CPU
		{C9467756-059E-43FF-B008-4167E63FBF1A}.Release|Any CPU.ActiveCfg = Release|Any CPU
		{C9467756-059E-43FF-B008-4167E63FBF1A}.Release|Any CPU.Build.0 = Release|Any CPU
		{FA6F2BC1-41EB-4F2B-8D2B-3407B6430ABF}.Debug|Any CPU.ActiveCfg = Debug|Any CPU
		{FA6F2BC1-41EB-4F2B-8D2B-3407B6430ABF}.Debug|Any CPU.Build.0 = Debug|Any CPU
		{FA6F2BC1-41EB-4F2B-8D2B-3407B6430ABF}.Release|Any CPU.ActiveCfg = Release|Any CPU
		{FA6F2BC1-41EB-4F2B-8D2B-3407B6430ABF}.Release|Any CPU.Build.0 = Release|Any CPU
		{AB0B727A-8FC9-4473-9137-C0993BF00F96}.Debug|Any CPU.ActiveCfg = Debug|Any CPU
		{AB0B727A-8FC9-4473-9137-C0993BF00F96}.Debug|Any CPU.Build.0 = Debug|Any CPU
		{AB0B727A-8FC9-4473-9137-C0993BF00F96}.Release|Any CPU.ActiveCfg = Release|Any CPU
		{AB0B727A-8FC9-4473-9137-C0993BF00F96}.Release|Any CPU.Build.0 = Release|Any CPU
	EndGlobalSection
EndGlobal
